# THIS IS AN AUTOGENERATED FILE. DO NOT EDIT THIS FILE DIRECTLY.
# yarn lockfile v1


"@rollup/rollup-android-arm-eabi@4.10.0":
  version "4.10.0"
  resolved "https://registry.yarnpkg.com/@rollup/rollup-android-arm-eabi/-/rollup-android-arm-eabi-4.10.0.tgz#786eaf6372be2fc209cc957c14aa9d3ff8fefe6a"
  integrity sha512-/MeDQmcD96nVoRumKUljsYOLqfv1YFJps+0pTrb2Z9Nl/w5qNUysMaWQsrd1mvAlNT4yza1iVyIu4Q4AgF6V3A==

"@rollup/rollup-android-arm64@4.10.0":
  version "4.10.0"
  resolved "https://registry.yarnpkg.com/@rollup/rollup-android-arm64/-/rollup-android-arm64-4.10.0.tgz#0114a042fd6396f4f3233e6171fd5b61a36ed539"
  integrity sha512-lvu0jK97mZDJdpZKDnZI93I0Om8lSDaiPx3OiCk0RXn3E8CMPJNS/wxjAvSJJzhhZpfjXsjLWL8LnS6qET4VNQ==

"@rollup/rollup-darwin-arm64@4.10.0":
  version "4.10.0"
  resolved "https://registry.yarnpkg.com/@rollup/rollup-darwin-arm64/-/rollup-darwin-arm64-4.10.0.tgz#944d007c1dc71a8c9174d11671c0c34bd74a2c81"
  integrity sha512-uFpayx8I8tyOvDkD7X6n0PriDRWxcqEjqgtlxnUA/G9oS93ur9aZ8c8BEpzFmsed1TH5WZNG5IONB8IiW90TQg==

"@rollup/rollup-darwin-x64@4.10.0":
  version "4.10.0"
  resolved "https://registry.yarnpkg.com/@rollup/rollup-darwin-x64/-/rollup-darwin-x64-4.10.0.tgz#1d08cb4521a058d7736ab1c7fe988daf034a2598"
  integrity sha512-nIdCX03qFKoR/MwQegQBK+qZoSpO3LESurVAC6s6jazLA1Mpmgzo3Nj3H1vydXp/JM29bkCiuF7tDuToj4+U9Q==

"@rollup/rollup-linux-arm-gnueabihf@4.10.0":
  version "4.10.0"
  resolved "https://registry.yarnpkg.com/@rollup/rollup-linux-arm-gnueabihf/-/rollup-linux-arm-gnueabihf-4.10.0.tgz#4763eec1591bf0e99a54ad3d1ef39cb268ed7b19"
  integrity sha512-Fz7a+y5sYhYZMQFRkOyCs4PLhICAnxRX/GnWYReaAoruUzuRtcf+Qnw+T0CoAWbHCuz2gBUwmWnUgQ67fb3FYw==

"@rollup/rollup-linux-arm64-gnu@4.10.0":
  version "4.10.0"
  resolved "https://registry.yarnpkg.com/@rollup/rollup-linux-arm64-gnu/-/rollup-linux-arm64-gnu-4.10.0.tgz#e6dae70c53ace836973526c41803b877cffc6f7b"
  integrity sha512-yPtF9jIix88orwfTi0lJiqINnlWo6p93MtZEoaehZnmCzEmLL0eqjA3eGVeyQhMtxdV+Mlsgfwhh0+M/k1/V7Q==

"@rollup/rollup-linux-arm64-musl@4.10.0":
  version "4.10.0"
  resolved "https://registry.yarnpkg.com/@rollup/rollup-linux-arm64-musl/-/rollup-linux-arm64-musl-4.10.0.tgz#5692e1a0feba0cc4a933864961afc3211177d242"
  integrity sha512-9GW9yA30ib+vfFiwjX+N7PnjTnCMiUffhWj4vkG4ukYv1kJ4T9gHNg8zw+ChsOccM27G9yXrEtMScf1LaCuoWQ==

"@rollup/rollup-linux-riscv64-gnu@4.10.0":
  version "4.10.0"
  resolved "https://registry.yarnpkg.com/@rollup/rollup-linux-riscv64-gnu/-/rollup-linux-riscv64-gnu-4.10.0.tgz#fbe3d80f7a7ac54a8847f5bddd1bc6f7b9ccb65f"
  integrity sha512-X1ES+V4bMq2ws5fF4zHornxebNxMXye0ZZjUrzOrf7UMx1d6wMQtfcchZ8SqUnQPPHdOyOLW6fTcUiFgHFadRA==

"@rollup/rollup-linux-x64-gnu@4.10.0":
  version "4.10.0"
  resolved "https://registry.yarnpkg.com/@rollup/rollup-linux-x64-gnu/-/rollup-linux-x64-gnu-4.10.0.tgz#3f06b55ccf173446d390d0306643dff62ec99807"
  integrity sha512-w/5OpT2EnI/Xvypw4FIhV34jmNqU5PZjZue2l2Y3ty1Ootm3SqhI+AmfhlUYGBTd9JnpneZCDnt3uNOiOBkMyw==

"@rollup/rollup-linux-x64-musl@4.10.0":
  version "4.10.0"
  resolved "https://registry.yarnpkg.com/@rollup/rollup-linux-x64-musl/-/rollup-linux-x64-musl-4.10.0.tgz#e4ac9b27041c83d7faab6205f62763103eb317ba"
  integrity sha512-q/meftEe3QlwQiGYxD9rWwB21DoKQ9Q8wA40of/of6yGHhZuGfZO0c3WYkN9dNlopHlNT3mf5BPsUSxoPuVQaw==

"@rollup/rollup-win32-arm64-msvc@4.10.0":
  version "4.10.0"
  resolved "https://registry.yarnpkg.com/@rollup/rollup-win32-arm64-msvc/-/rollup-win32-arm64-msvc-4.10.0.tgz#6ad0d4fb0066f240778ee3f61eecf7aa0357f883"
  integrity sha512-NrR6667wlUfP0BHaEIKgYM/2va+Oj+RjZSASbBMnszM9k+1AmliRjHc3lJIiOehtSSjqYiO7R6KLNrWOX+YNSQ==

"@rollup/rollup-win32-ia32-msvc@4.10.0":
  version "4.10.0"
  resolved "https://registry.yarnpkg.com/@rollup/rollup-win32-ia32-msvc/-/rollup-win32-ia32-msvc-4.10.0.tgz#29d50292381311cc8d3623e73b427b7e2e40a653"
  integrity sha512-FV0Tpt84LPYDduIDcXvEC7HKtyXxdvhdAOvOeWMWbQNulxViH2O07QXkT/FffX4FqEI02jEbCJbr+YcuKdyyMg==

"@rollup/rollup-win32-x64-msvc@4.10.0":
  version "4.10.0"
  resolved "https://registry.yarnpkg.com/@rollup/rollup-win32-x64-msvc/-/rollup-win32-x64-msvc-4.10.0.tgz#4eedd01af3a82c1acb0fe6d837ebf339c4cbf839"
  integrity sha512-OZoJd+o5TaTSQeFFQ6WjFCiltiYVjIdsXxwu/XZ8qRpsvMQr4UsVrE5UyT9RIvsnuF47DqkJKhhVZ2Q9YW9IpQ==

"@types/estree@1.0.5":
  version "1.0.5"
  resolved "https://registry.yarnpkg.com/@types/estree/-/estree-1.0.5.tgz#a6ce3e556e00fd9895dd872dd172ad0d4bd687f4"
  integrity sha512-/kYRxGDLWzHOB7q+wtSUQlFrtcdUccpfy+X+9iMBpHK8QLLhx2wIPYuS5DYtR9Wa/YlZAbIovy7qVdB1Aq6Lyw==

fsevents@~2.3.2:
  version "2.3.3"
  resolved "https://registry.yarnpkg.com/fsevents/-/fsevents-2.3.3.tgz#cac6407785d03675a2a5e1a5305c697b347d90d6"
  integrity sha512-5xoDfX+fL7faATnagmWPpbFtwh/R77WmMMqqHGS65C3vvB0YHrgF+B1YmZ3441tMj5n63k0212XNoJwzlhffQw==

rollup@^4.10.0:
  version "4.10.0"
  resolved "https://registry.yarnpkg.com/rollup/-/rollup-4.10.0.tgz#244c2cb54a8de004a949fe6036a0801be9060456"
  integrity sha512-t2v9G2AKxcQ8yrG+WGxctBes1AomT0M4ND7jTFBCVPXQ/WFTvNSefIrNSmLKhIKBrvN8SG+CZslimJcT3W2u2g==
  dependencies:
    "@types/estree" "1.0.5"
  optionalDependencies:
    "@rollup/rollup-android-arm-eabi" "4.10.0"
    "@rollup/rollup-android-arm64" "4.10.0"
    "@rollup/rollup-darwin-arm64" "4.10.0"
    "@rollup/rollup-darwin-x64" "4.10.0"
    "@rollup/rollup-linux-arm-gnueabihf" "4.10.0"
    "@rollup/rollup-linux-arm64-gnu" "4.10.0"
    "@rollup/rollup-linux-arm64-musl" "4.10.0"
    "@rollup/rollup-linux-riscv64-gnu" "4.10.0"
    "@rollup/rollup-linux-x64-gnu" "4.10.0"
    "@rollup/rollup-linux-x64-musl" "4.10.0"
    "@rollup/rollup-win32-arm64-msvc" "4.10.0"
    "@rollup/rollup-win32-ia32-msvc" "4.10.0"
    "@rollup/rollup-win32-x64-msvc" "4.10.0"
    fsevents "~2.3.2"
